
Microsoft Visual Studio Solution File, Format Version 12.00
# Visual Studio Version 17
VisualStudioVersion = 17.14.36915.13 d17.14
MinimumVisualStudioVersion = 10.0.40219.1
Project("{FAE04EC0-301F-11D3-BF4B-00C04F79EFBC}") = "CyberAwareGUI", "CyberAwareGUI\CyberAwareGUI.csproj", "{6E2D2744-EBEF-4FDD-9B76-6CDFAFD6DDF5}"
EndProject
Global
	GlobalSection(SolutionConfigurationPlatforms) = preSolution
		Debug|Any CPU = Debug|Any CPU
		Release|Any CPU = Release|Any CPU
	EndGlobalSection
	GlobalSection(ProjectConfigurationPlatforms) = postSolution
		{6E2D2744-EBEF-4FDD-9B76-6CDFAFD6DDF5}.Debug|Any CPU.ActiveCfg = Debug|Any CPU
		{6E2D2744-EBEF-4FDD-9B76-6CDFAFD6DDF5}.Debug|Any CPU.Build.0 = Debug|Any CPU
		{6E2D2744-EBEF-4FDD-9B76-6CDFAFD6DDF5}.Release|Any CPU.ActiveCfg = Release|Any CPU
		{6E2D2744-EBEF-4FDD-9B76-6CDFAFD6DDF5}.Release|Any CPU.Build.0 = Release|Any CPU
	EndGlobalSection
	GlobalSection(SolutionProperties) = preSolution
		HideSolutionNode = FALSE
	EndGlobalSection
	GlobalSection(ExtensibilityGlobals) = postSolution
		SolutionGuid = {D2CEE0ED-DB53-4579-811C-A150B479E3F4}
	EndGlobalSection
EndGlobal
